
Microsoft Visual Studio Solution File, Format Version 12.00
# Visual Studio Version 17
VisualStudioVersion = 17.1.32210.238
MinimumVisualStudioVersion = 10.0.40219.1
Project("{8BC9CEB8-8B4A-11D0-8D11-00A0C91BC942}") = "Project2", "Project2\Project2.vcxproj", "{694203D0-D8B3-45E0-B30F-7774C6A7F810}"
EndProject
Global
	GlobalSection(SolutionConfigurationPlatforms) = preSolution
		Debug|x64 = Debug|x64
		Debug|x86 = Debug|x86
		Release|x64 = Release|x64
		Release|x86 = Release|x86
	EndGlobalSection
	GlobalSection(ProjectConfigurationPlatforms) = postSolution
		{694203D0-D8B3-45E0-B30F-7774C6A7F810}.Debug|x64.ActiveCfg = Debug|x64
		{694203D0-D8B3-45E0-B30F-7774C6A7F810}.Debug|x64.Build.0 = Debug|x64
		{694203D0-D8B3-45E0-B30F-7774C6A7F810}.Debug|x86.ActiveCfg = Debug|Win32
		{694203D0-D8B3-45E0-B30F-7774C6A7F810}.Debug|x86.Build.0 = Debug|Win32
		{694203D0-D8B3-45E0-B30F-7774C6A7F810}.Release|x64.ActiveCfg = Release|x64
		{694203D0-D8B3-45E0-B30F-7774C6A7F810}.Release|x64.Build.0 = Release|x64
		{694203D0-D8B3-45E0-B30F-7774C6A7F810}.Release|x86.ActiveCfg = Release|Win32
		{694203D0-D8B3-45E0-B30F-7774C6A7F810}.Release|x86.Build.0 = Release|Win32
	EndGlobalSection
	GlobalSection(SolutionProperties) = preSolution
		HideSolutionNode = FALSE
	EndGlobalSection
	GlobalSection(ExtensibilityGlobals) = postSolution
		SolutionGuid = {F64D795A-FBD3-4A0F-B199-F90F23A89832}
	EndGlobalSection
EndGlobal
